
Microsoft Visual Studio Solution File, Format Version 12.00
# Visual Studio Version 16
VisualStudioVersion = 16.0.31729.503
MinimumVisualStudioVersion = 10.0.40219.1
Project("{FAE04EC0-301F-11D3-BF4B-00C04F79EFBC}") = "DAMS", "DAMS\DAMS.csproj", "{F24A61FD-2427-4D40-BCD8-F889FCA8CD98}"
EndProject
Global
	GlobalSection(SolutionConfigurationPlatforms) = preSolution
		Debug|Any CPU = Debug|Any CPU
		Release|Any CPU = Release|Any CPU
	EndGlobalSection
	GlobalSection(ProjectConfigurationPlatforms) = postSolution
		{F24A61FD-2427-4D40-BCD8-F889FCA8CD98}.Debug|Any CPU.ActiveCfg = Debug|Any CPU
		{F24A61FD-2427-4D40-BCD8-F889FCA8CD98}.Debug|Any CPU.Build.0 = Debug|Any CPU
		{F24A61FD-2427-4D40-BCD8-F889FCA8CD98}.Release|Any CPU.ActiveCfg = Release|Any CPU
		{F24A61FD-2427-4D40-BCD8-F889FCA8CD98}.Release|Any CPU.Build.0 = Release|Any CPU
	EndGlobalSection
	GlobalSection(SolutionProperties) = preSolution
		HideSolutionNode = FALSE
	EndGlobalSection
	GlobalSection(ExtensibilityGlobals) = postSolution
		SolutionGuid = {A52ED255-69C4-4F11-A6DE-C157876729EA}
	EndGlobalSection
EndGlobal
